
Microsoft Visual Studio Solution File, Format Version 12.00
# Visual Studio Version 17
VisualStudioVersion = 17.11.35208.52
MinimumVisualStudioVersion = 10.0.40219.1
Project("{FAE04EC0-301F-11D3-BF4B-00C04F79EFBC}") = "FruitIntoBaskets", "FruitIntoBaskets\FruitIntoBaskets.csproj", "{287E9F28-66D4-4720-A2B0-A8FB71E5AD40}"
EndProject
Global
	GlobalSection(SolutionConfigurationPlatforms) = preSolution
		Debug|Any CPU = Debug|Any CPU
		Release|Any CPU = Release|Any CPU
	EndGlobalSection
	GlobalSection(ProjectConfigurationPlatforms) = postSolution
		{287E9F28-66D4-4720-A2B0-A8FB71E5AD40}.Debug|Any CPU.ActiveCfg = Debug|Any CPU
		{287E9F28-66D4-4720-A2B0-A8FB71E5AD40}.Debug|Any CPU.Build.0 = Debug|Any CPU
		{287E9F28-66D4-4720-A2B0-A8FB71E5AD40}.Release|Any CPU.ActiveCfg = Release|Any CPU
		{287E9F28-66D4-4720-A2B0-A8FB71E5AD40}.Release|Any CPU.Build.0 = Release|Any CPU
	EndGlobalSection
	GlobalSection(SolutionProperties) = preSolution
		HideSolutionNode = FALSE
	EndGlobalSection
	GlobalSection(ExtensibilityGlobals) = postSolution
		SolutionGuid = {759A5376-E773-4308-984E-707660C10C01}
	EndGlobalSection
EndGlobal
